
Microsoft Visual Studio Solution File, Format Version 12.00
# Visual Studio Version 16
VisualStudioVersion = 16.0.31624.102
MinimumVisualStudioVersion = 10.0.40219.1
Project("{FAE04EC0-301F-11D3-BF4B-00C04F79EFBC}") = "HWLesson7", "HWLesson7\HWLesson7.csproj", "{0336A8AD-0488-4014-AA83-A67BF1041AFA}"
EndProject
Global
	GlobalSection(SolutionConfigurationPlatforms) = preSolution
		Debug|Any CPU = Debug|Any CPU
		Release|Any CPU = Release|Any CPU
	EndGlobalSection
	GlobalSection(ProjectConfigurationPlatforms) = postSolution
		{0336A8AD-0488-4014-AA83-A67BF1041AFA}.Debug|Any CPU.ActiveCfg = Debug|Any CPU
		{0336A8AD-0488-4014-AA83-A67BF1041AFA}.Debug|Any CPU.Build.0 = Debug|Any CPU
		{0336A8AD-0488-4014-AA83-A67BF1041AFA}.Release|Any CPU.ActiveCfg = Release|Any CPU
		{0336A8AD-0488-4014-AA83-A67BF1041AFA}.Release|Any CPU.Build.0 = Release|Any CPU
	EndGlobalSection
	GlobalSection(SolutionProperties) = preSolution
		HideSolutionNode = FALSE
	EndGlobalSection
	GlobalSection(ExtensibilityGlobals) = postSolution
		SolutionGuid = {349B2033-F454-4BAF-9CCB-2EB8D6692957}
	EndGlobalSection
EndGlobal
